
Microsoft Visual Studio Solution File, Format Version 12.00
# 
Project("{FAE04EC0-301F-11D3-BF4B-00C04F79EFBC}") = "Rh.Inbox", "src\Rh.Inbox\Rh.Inbox.csproj", "{9559B52D-3729-49E2-A50A-D4484CFE2ED6}"
EndProject
Project("{FAE04EC0-301F-11D3-BF4B-00C04F79EFBC}") = "Rh.Inbox.Postgres", "src\Rh.Inbox.Postgres\Rh.Inbox.Postgres.csproj", "{9972C510-45BD-4A37-8A86-B0D1A85DEA70}"
EndProject
Project("{FAE04EC0-301F-11D3-BF4B-00C04F79EFBC}") = "Rh.Inbox.Abstractions", "src\Rh.Inbox.Abstractions\Rh.Inbox.Abstractions.csproj", "{D4757212-E3E3-464D-AAA2-CAD55ABAD5EE}"
EndProject
Project("{2150E333-8FDC-42A3-9474-1A3956D46DE8}") = "src", "src", "{DAB1FFE9-F5E3-415F-8FAC-4C92ABAA182A}"
EndProject
Project("{FAE04EC0-301F-11D3-BF4B-00C04F79EFBC}") = "Rh.Inbox.Redis", "src\Rh.Inbox.Redis\Rh.Inbox.Redis.csproj", "{EE2031BD-6869-4AEC-8193-09AADE6172DA}"
EndProject
Project("{FAE04EC0-301F-11D3-BF4B-00C04F79EFBC}") = "Rh.Inbox.Web", "src\Rh.Inbox.Web\Rh.Inbox.Web.csproj", "{DFEEC6CA-7CD2-4C06-AE0B-387449F4B98C}"
EndProject
Project("{FAE04EC0-301F-11D3-BF4B-00C04F79EFBC}") = "Rh.Inbox.InMemory", "src\Rh.Inbox.InMemory\Rh.Inbox.InMemory.csproj", "{5CA59821-7288-41FC-96C1-BF4DE0B89994}"
EndProject
Project("{2150E333-8FDC-42A3-9474-1A3956D46DE8}") = "tests", "tests", "{5FDA073D-F56D-4DCC-B159-BA4141F134B3}"
EndProject
Project("{FAE04EC0-301F-11D3-BF4B-00C04F79EFBC}") = "Rh.Inbox.Tests.Integration.Common", "tests\Rh.Inbox.Tests.Integration.Common\Rh.Inbox.Tests.Integration.Common.csproj", "{4AC184EC-211E-4177-A2D8-DE5BBBEF4928}"
EndProject
Project("{FAE04EC0-301F-11D3-BF4B-00C04F79EFBC}") = "Rh.Inbox.Tests.Integration.Postgres", "tests\Rh.Inbox.Tests.Integration.Postgres\Rh.Inbox.Tests.Integration.Postgres.csproj", "{10098E01-31F1-4FDB-8867-D98C5FFCA402}"
EndProject
Project("{FAE04EC0-301F-11D3-BF4B-00C04F79EFBC}") = "Rh.Inbox.Tests.Integration.Redis", "tests\Rh.Inbox.Tests.Integration.Redis\Rh.Inbox.Tests.Integration.Redis.csproj", "{ECACF8B0-6863-471A-BE0D-5659BB700901}"
EndProject
Project("{FAE04EC0-301F-11D3-BF4B-00C04F79EFBC}") = "Rh.Inbox.Tests.Integration.InMemory", "tests\Rh.Inbox.Tests.Integration.InMemory\Rh.Inbox.Tests.Integration.InMemory.csproj", "{3997D272-DB47-4D64-9AB5-11F58405E10D}"
EndProject
Project("{FAE04EC0-301F-11D3-BF4B-00C04F79EFBC}") = "Rh.Inbox.Tests.Integration.Web", "tests\Rh.Inbox.Tests.Integration.Web\Rh.Inbox.Tests.Integration.Web.csproj", "{972B931B-785E-4120-91EA-991B3730B1B8}"
EndProject
Project("{FAE04EC0-301F-11D3-BF4B-00C04F79EFBC}") = "Rh.Inbox.Tests.Unit", "tests\Rh.Inbox.Tests.Unit\Rh.Inbox.Tests.Unit.csproj", "{193580D9-51B2-4D3D-AEA4-60257FA21DB8}"
EndProject
Global
	GlobalSection(SolutionConfigurationPlatforms) = preSolution
		Debug|Any CPU = Debug|Any CPU
		Release|Any CPU = Release|Any CPU
	EndGlobalSection
	GlobalSection(ProjectConfigurationPlatforms) = postSolution
		{9559B52D-3729-49E2-A50A-D4484CFE2ED6}.Debug|Any CPU.ActiveCfg = Debug|Any CPU
		{9559B52D-3729-49E2-A50A-D4484CFE2ED6}.Debug|Any CPU.Build.0 = Debug|Any CPU
		{9559B52D-3729-49E2-A50A-D4484CFE2ED6}.Release|Any CPU.ActiveCfg = Release|Any CPU
		{9559B52D-3729-49E2-A50A-D4484CFE2ED6}.Release|Any CPU.Build.0 = Release|Any CPU
		{9972C510-45BD-4A37-8A86-B0D1A85DEA70}.Debug|Any CPU.ActiveCfg = Debug|Any CPU
		{9972C510-45BD-4A37-8A86-B0D1A85DEA70}.Debug|Any CPU.Build.0 = Debug|Any CPU
		{9972C510-45BD-4A37-8A86-B0D1A85DEA70}.Release|Any CPU.ActiveCfg = Release|Any CPU
		{9972C510-45BD-4A37-8A86-B0D1A85DEA70}.Release|Any CPU.Build.0 = Release|Any CPU
		{D4757212-E3E3-464D-AAA2-CAD55ABAD5EE}.Debug|Any CPU.ActiveCfg = Debug|Any CPU
		{D4757212-E3E3-464D-AAA2-CAD55ABAD5EE}.Debug|Any CPU.Build.0 = Debug|Any CPU
		{D4757212-E3E3-464D-AAA2-CAD55ABAD5EE}.Release|Any CPU.ActiveCfg = Release|Any CPU
		{D4757212-E3E3-464D-AAA2-CAD55ABAD5EE}.Release|Any CPU.Build.0 = Release|Any CPU
		{EE2031BD-6869-4AEC-8193-09AADE6172DA}.Debug|Any CPU.ActiveCfg = Debug|Any CPU
		{EE2031BD-6869-4AEC-8193-09AADE6172DA}.Debug|Any CPU.Build.0 = Debug|Any CPU
		{EE2031BD-6869-4AEC-8193-09AADE6172DA}.Release|Any CPU.ActiveCfg = Release|Any CPU
		{EE2031BD-6869-4AEC-8193-09AADE6172DA}.Release|Any CPU.Build.0 = Release|Any CPU
		{DFEEC6CA-7CD2-4C06-AE0B-387449F4B98C}.Debug|Any CPU.ActiveCfg = Debug|Any CPU
		{DFEEC6CA-7CD2-4C06-AE0B-387449F4B98C}.Debug|Any CPU.Build.0 = Debug|Any CPU
		{DFEEC6CA-7CD2-4C06-AE0B-387449F4B98C}.Release|Any CPU.ActiveCfg = Release|Any CPU
		{DFEEC6CA-7CD2-4C06-AE0B-387449F4B98C}.Release|Any CPU.Build.0 = Release|Any CPU
		{5CA59821-7288-41FC-96C1-BF4DE0B89994}.Debug|Any CPU.ActiveCfg = Debug|Any CPU
		{5CA59821-7288-41FC-96C1-BF4DE0B89994}.Debug|Any CPU.Build.0 = Debug|Any CPU
		{5CA59821-7288-41FC-96C1-BF4DE0B89994}.Release|Any CPU.ActiveCfg = Release|Any CPU
		{5CA59821-7288-41FC-96C1-BF4DE0B89994}.Release|Any CPU.Build.0 = Release|Any CPU
		{4AC184EC-211E-4177-A2D8-DE5BBBEF4928}.Debug|Any CPU.ActiveCfg = Debug|Any CPU
		{4AC184EC-211E-4177-A2D8-DE5BBBEF4928}.Debug|Any CPU.Build.0 = Debug|Any CPU
		{4AC184EC-211E-4177-A2D8-DE5BBBEF4928}.Release|Any CPU.ActiveCfg = Release|Any CPU
		{4AC184EC-211E-4177-A2D8-DE5BBBEF4928}.Release|Any CPU.Build.0 = Release|Any CPU
		{10098E01-31F1-4FDB-8867-D98C5FFCA402}.Debug|Any CPU.ActiveCfg = Debug|Any CPU
		{10098E01-31F1-4FDB-8867-D98C5FFCA402}.Debug|Any CPU.Build.0 = Debug|Any CPU
		{10098E01-31F1-4FDB-8867-D98C5FFCA402}.Release|Any CPU.ActiveCfg = Release|Any CPU
		{10098E01-31F1-4FDB-8867-D98C5FFCA402}.Release|Any CPU.Build.0 = Release|Any CPU
		{ECACF8B0-6863-471A-BE0D-5659BB700901}.Debug|Any CPU.ActiveCfg = Debug|Any CPU
		{ECACF8B0-6863-471A-BE0D-5659BB700901}.Debug|Any CPU.Build.0 = Debug|Any CPU
		{ECACF8B0-6863-471A-BE0D-5659BB700901}.Release|Any CPU.ActiveCfg = Release|Any CPU
		{ECACF8B0-6863-471A-BE0D-5659BB700901}.Release|Any CPU.Build.0 = Release|Any CPU
		{3997D272-DB47-4D64-9AB5-11F58405E10D}.Debug|Any CPU.ActiveCfg = Debug|Any CPU
		{3997D272-DB47-4D64-9AB5-11F58405E10D}.Debug|Any CPU.Build.0 = Debug|Any CPU
		{3997D272-DB47-4D64-9AB5-11F58405E10D}.Release|Any CPU.ActiveCfg = Release|Any CPU
		{3997D272-DB47-4D64-9AB5-11F58405E10D}.Release|Any CPU.Build.0 = Release|Any CPU
		{972B931B-785E-4120-91EA-991B3730B1B8}.Debug|Any CPU.ActiveCfg = Debug|Any CPU
		{972B931B-785E-4120-91EA-991B3730B1B8}.Debug|Any CPU.Build.0 = Debug|Any CPU
		{972B931B-785E-4120-91EA-991B3730B1B8}.Release|Any CPU.ActiveCfg = Release|Any CPU
		{972B931B-785E-4120-91EA-991B3730B1B8}.Release|Any CPU.Build.0 = Release|Any CPU
		{193580D9-51B2-4D3D-AEA4-60257FA21DB8}.Debug|Any CPU.ActiveCfg = Debug|Any CPU
		{193580D9-51B2-4D3D-AEA4-60257FA21DB8}.Debug|Any CPU.Build.0 = Debug|Any CPU
		{193580D9-51B2-4D3D-AEA4-60257FA21DB8}.Release|Any CPU.ActiveCfg = Release|Any CPU
		{193580D9-51B2-4D3D-AEA4-60257FA21DB8}.Release|Any CPU.Build.0 = Release|Any CPU
	EndGlobalSection
	GlobalSection(NestedProjects) = preSolution
		{EE2031BD-6869-4AEC-8193-09AADE6172DA} = {DAB1FFE9-F5E3-415F-8FAC-4C92ABAA182A}
		{9559B52D-3729-49E2-A50A-D4484CFE2ED6} = {DAB1FFE9-F5E3-415F-8FAC-4C92ABAA182A}
		{D4757212-E3E3-464D-AAA2-CAD55ABAD5EE} = {DAB1FFE9-F5E3-415F-8FAC-4C92ABAA182A}
		{9972C510-45BD-4A37-8A86-B0D1A85DEA70} = {DAB1FFE9-F5E3-415F-8FAC-4C92ABAA182A}
		{DFEEC6CA-7CD2-4C06-AE0B-387449F4B98C} = {DAB1FFE9-F5E3-415F-8FAC-4C92ABAA182A}
		{5CA59821-7288-41FC-96C1-BF4DE0B89994} = {DAB1FFE9-F5E3-415F-8FAC-4C92ABAA182A}
		{4AC184EC-211E-4177-A2D8-DE5BBBEF4928} = {5FDA073D-F56D-4DCC-B159-BA4141F134B3}
		{10098E01-31F1-4FDB-8867-D98C5FFCA402} = {5FDA073D-F56D-4DCC-B159-BA4141F134B3}
		{ECACF8B0-6863-471A-BE0D-5659BB700901} = {5FDA073D-F56D-4DCC-B159-BA4141F134B3}
		{3997D272-DB47-4D64-9AB5-11F58405E10D} = {5FDA073D-F56D-4DCC-B159-BA4141F134B3}
		{972B931B-785E-4120-91EA-991B3730B1B8} = {5FDA073D-F56D-4DCC-B159-BA4141F134B3}
		{193580D9-51B2-4D3D-AEA4-60257FA21DB8} = {5FDA073D-F56D-4DCC-B159-BA4141F134B3}
	EndGlobalSection
EndGlobal
